# This file is automatically @generated by Poetry 1.8.3 and should not be changed by hand.

[[package]]
name = "click"
version = "6.6"
description = "A simple wrapper around optparse for powerful command line utilities."
optional = false
python-versions = "*"
files = [
    {file = "click-6.6-py2.py3-none-any.whl", hash = "sha256:fcf697e1fd4b567d817c69dab10a4035937fe6af175c05fd6806b69f74cbc6c4"},
    {file = "click-6.6.tar.gz", hash = "sha256:cc6a19da8ebff6e7074f731447ef7e112bd23adf3de5c597cf9989f2fd8defe9"},
]

[[package]]
name = "flask"
version = "0.11.1"
description = "A microframework based on Werkzeug, Jinja2 and good intentions"
optional = false
python-versions = "*"
files = [
    {file = "Flask-0.11.1-py2.py3-none-any.whl", hash = "sha256:a4f97abd30d289e548434ef42317a793f58087be1989eab96f2c647470e77000"},
    {file = "Flask-0.11.1.tar.gz", hash = "sha256:b4713f2bfb9ebc2966b8a49903ae0d3984781d5c878591cf2f7b484d28756b0e"},
]

[package.dependencies]
click = ">=2.0"
itsdangerous = ">=0.21"
Jinja2 = ">=2.4"
Werkzeug = ">=0.7"

[[package]]
name = "gunicorn"
version = "19.6.0"
description = "WSGI HTTP Server for UNIX"
optional = false
python-versions = "*"
files = [
    {file = "gunicorn-19.6.0-py2.py3-none-any.whl", hash = "sha256:723234ea1fa8dff370ab69830ba8bc37469a7cba13fd66055faeef24085e6530"},
    {file = "gunicorn-19.6.0.tar.gz", hash = "sha256:813f6916d18a4c8e90efde72f419308b357692f81333cb1125f80013d22fb618"},
]

[[package]]
name = "itsdangerous"
version = "0.24"
description = "Various helpers to pass trusted data to untrusted environments and back."
optional = false
python-versions = "*"
files = [
    {file = "itsdangerous-0.24.tar.gz", hash = "sha256:cbb3fcf8d3e33df861709ecaf89d9e6629cff0a217bc2848f1b41cd30d360519"},
]

[[package]]
name = "jinja2"
version = "2.8"
description = "A small but fast and easy to use stand-alone template engine written in pure python."
optional = false
python-versions = "*"
files = [
    {file = "Jinja2-2.8-py2.py3-none-any.whl", hash = "sha256:1cc03ef32b64be19e0a5b54578dd790906a34943fe9102cfdae0d4495bd536b4"},
    {file = "Jinja2-2.8.tar.gz", hash = "sha256:bc1ff2ff88dbfacefde4ddde471d1417d3b304e8df103a7a9437d47269201bf4"},
]

[package.dependencies]
MarkupSafe = "*"

[package.extras]
i18n = ["Babel (>=0.8)"]

[[package]]
name = "markupsafe"
version = "0.23"
description = "Implements a XML/HTML/XHTML Markup safe string for Python"
optional = false
python-versions = "*"
files = [
    {file = "MarkupSafe-0.23.tar.gz", hash = "sha256:a4ec1aff59b95a14b45eb2e23761a0179e98319da5a7eb76b56ea8cdc7b871c3"},
]

[[package]]
name = "newrelic"
version = "2.66.0.49"
description = "New Relic Python Agent"
optional = false
python-versions = "*"
files = [
    {file = "newrelic-2.66.0.49.tar.gz", hash = "sha256:f95b90def0c86b6d4f859664ca411bae90da76345f23ed2de40531d39e2b32a1"},
]

[[package]]
name = "pyephem"
version = "3.7.6.0"
description = "Compute positions of the planets and stars"
optional = false
python-versions = "*"
files = [
    {file = "pyephem-3.7.6.0-cp26-none-win32.whl", hash = "sha256:4b24d8e4ce469355b778024a9e275fe718cb8a1c0f6cff1ca7739ec5294a8c33"},
    {file = "pyephem-3.7.6.0-cp26-none-win_amd64.whl", hash = "sha256:05aeb35369c99081a5b8691b9b36024f6c615653a19cb46e1f0f787dcdfca216"},
    {file = "pyephem-3.7.6.0-cp27-none-win32.whl", hash = "sha256:cb53d475eac7a70d0179318e8c06f512b59d8d6757cfbd7111a9af18c371220f"},
    {file = "pyephem-3.7.6.0-cp27-none-win_amd64.whl", hash = "sha256:12cbe62c8ebabb00bcceb8cfa0559c2d6166c6491ee5b4b42719cb45602f818b"},
    {file = "pyephem-3.7.6.0-cp33-none-win32.whl", hash = "sha256:ff202296df277adb2edc06d8cb682d7708d88fab1296471edd965a678b66a6bc"},
    {file = "pyephem-3.7.6.0-cp33-none-win_amd64.whl", hash = "sha256:9d4a3511078ef42c72deddf9c3672b6d7d826a7b9c3017d92d21ce69109f29d4"},
    {file = "pyephem-3.7.6.0-cp34-none-win32.whl", hash = "sha256:cf351a7a71fbd9abfd8ed8fbeb725989e01defd37b640f0075b27dbcb9b44fe4"},
    {file = "pyephem-3.7.6.0-cp34-none-win_amd64.whl", hash = "sha256:395b44e3733f1f389dff44da4a94de2e350b7331ac5a65df04f9e51a4421be9a"},
    {file = "pyephem-3.7.6.0.tar.gz", hash = "sha256:143146da32a07a4cf9725b5656ba095d24978c22a0363414203e72c39bae52bd"},
]

[[package]]
name = "redis"
version = "2.10.5"
description = "Python client for Redis key-value store"
optional = false
python-versions = "*"
files = [
    {file = "redis-2.10.5-py2.py3-none-any.whl", hash = "sha256:97156b37d7cda4e7d8658be1148c983984e1a975090ba458cc7e244025191dbd"},
    {file = "redis-2.10.5.tar.gz", hash = "sha256:5dfbae6acfc54edf0a7a415b99e0b21c0a3c27a7f787b292eea727b1facc5533"},
]

[[package]]
name = "werkzeug"
version = "0.11.10"
description = "The Swiss Army knife of Python web development"
optional = false
python-versions = "*"
files = [
    {file = "Werkzeug-0.11.10-py2.py3-none-any.whl", hash = "sha256:f22b9762589decfde50149c7ee080713cbf6129b49ce2b398f59b709b161a8d3"},
    {file = "Werkzeug-0.11.10.tar.gz", hash = "sha256:cc64dafbacc716cdd42503cf6c44cb5a35576443d82f29f6829e5c49264aeeee"},
]

[metadata]
lock-version = "2.0"
python-versions = "^3.11"
content-hash = "f547a10dd5ac7799b1468ec9588e6f32cea681e52cea3dec2aa400ab0db56710"
